
Microsoft Visual Studio Solution File, Format Version 12.00
# Visual Studio Version 17
VisualStudioVersion = 17.7.34221.43
MinimumVisualStudioVersion = 10.0.40219.1
Project("{FAE04EC0-301F-11D3-BF4B-00C04F79EFBC}") = "Parqueadero", "Parqueadero\Parqueadero.csproj", "{F2E752D4-5D85-4FBE-B241-2210DF156F45}"
EndProject
Global
	GlobalSection(SolutionConfigurationPlatforms) = preSolution
		Debug|Any CPU = Debug|Any CPU
		Release|Any CPU = Release|Any CPU
	EndGlobalSection
	GlobalSection(ProjectConfigurationPlatforms) = postSolution
		{F2E752D4-5D85-4FBE-B241-2210DF156F45}.Debug|Any CPU.ActiveCfg = Debug|Any CPU
		{F2E752D4-5D85-4FBE-B241-2210DF156F45}.Debug|Any CPU.Build.0 = Debug|Any CPU
		{F2E752D4-5D85-4FBE-B241-2210DF156F45}.Release|Any CPU.ActiveCfg = Release|Any CPU
		{F2E752D4-5D85-4FBE-B241-2210DF156F45}.Release|Any CPU.Build.0 = Release|Any CPU
	EndGlobalSection
	GlobalSection(SolutionProperties) = preSolution
		HideSolutionNode = FALSE
	EndGlobalSection
	GlobalSection(ExtensibilityGlobals) = postSolution
		SolutionGuid = {0EF2A106-3DD1-4BAE-984E-5EBF10113AF3}
	EndGlobalSection
EndGlobal
